
Microsoft Visual Studio Solution File, Format Version 12.00
# Visual Studio Version 16
VisualStudioVersion = 16.0.32802.440
MinimumVisualStudioVersion = 10.0.40219.1
Project("{FAE04EC0-301F-11D3-BF4B-00C04F79EFBC}") = "SalesWebMvc", "SalesWebMvc\SalesWebMvc.csproj", "{8FDE3091-1DEB-4E3A-999B-4A1AA649DCA8}"
EndProject
Global
	GlobalSection(SolutionConfigurationPlatforms) = preSolution
		Debug|Any CPU = Debug|Any CPU
		Release|Any CPU = Release|Any CPU
	EndGlobalSection
	GlobalSection(ProjectConfigurationPlatforms) = postSolution
		{8FDE3091-1DEB-4E3A-999B-4A1AA649DCA8}.Debug|Any CPU.ActiveCfg = Debug|Any CPU
		{8FDE3091-1DEB-4E3A-999B-4A1AA649DCA8}.Debug|Any CPU.Build.0 = Debug|Any CPU
		{8FDE3091-1DEB-4E3A-999B-4A1AA649DCA8}.Release|Any CPU.ActiveCfg = Release|Any CPU
		{8FDE3091-1DEB-4E3A-999B-4A1AA649DCA8}.Release|Any CPU.Build.0 = Release|Any CPU
	EndGlobalSection
	GlobalSection(SolutionProperties) = preSolution
		HideSolutionNode = FALSE
	EndGlobalSection
	GlobalSection(ExtensibilityGlobals) = postSolution
		SolutionGuid = {FCE7ECA1-ED16-454B-AC0F-FDD5CEF23349}
	EndGlobalSection
EndGlobal
